Microsoft Visual Studio Solution File, Format Version 12.00
# Visual Studio Version 17
VisualStudioVersion = 17.5.2.0
MinimumVisualStudioVersion = 10.0.40219.1
Project("{FAE04EC0-301F-11D3-BF4B-00C04F79EFBC}") = "tcp_echo_server", "tcp_echo_server.csproj", "{A717B262-E220-7433-E28A-00AE0FBDCA3D}"
EndProject
Global
	GlobalSection(SolutionConfigurationPlatforms) = preSolution
		Debug|Any CPU = Debug|Any CPU
		Release|Any CPU = Release|Any CPU
	EndGlobalSection
	GlobalSection(ProjectConfigurationPlatforms) = postSolution
		{A717B262-E220-7433-E28A-00AE0FBDCA3D}.Debug|Any CPU.ActiveCfg = Debug|Any CPU
		{A717B262-E220-7433-E28A-00AE0FBDCA3D}.Debug|Any CPU.Build.0 = Debug|Any CPU
		{A717B262-E220-7433-E28A-00AE0FBDCA3D}.Release|Any CPU.ActiveCfg = Release|Any CPU
		{A717B262-E220-7433-E28A-00AE0FBDCA3D}.Release|Any CPU.Build.0 = Release|Any CPU
	EndGlobalSection
	GlobalSection(SolutionProperties) = preSolution
		HideSolutionNode = FALSE
	EndGlobalSection
	GlobalSection(ExtensibilityGlobals) = postSolution
		SolutionGuid = {3B181966-9C6D-4AD2-A4C4-620C04B6D859}
	EndGlobalSection
EndGlobal
